// !$*UTF8*$!
{
	archiveVersion = 1;
	classes = {
	};
	objectVersion = 56;
	objects = {

/* Begin PBXBuildFile section */
		1D15636B298B96A700117A71 /* PassViewController.swift in Sources */ = {isa = PBXBuildFile; fileRef = 1D15636A298B96A700117A71 /* PassViewController.swift */; };
		1D15636D298BB75300117A71 /* MultiViewController.swift in Sources */ = {isa = PBXBuildFile; fileRef = 1D15636C298BB75300117A71 /* MultiViewController.swift */; };
		1D6F046E29897D1400C3C7BF /* AppDelegate.swift in Sources */ = {isa = PBXBuildFile; fileRef = 1D6F046D29897D1400C3C7BF /* AppDelegate.swift */; };
		1D6F047029897D1400C3C7BF /* SceneDelegate.swift in Sources */ = {isa = PBXBuildFile; fileRef = 1D6F046F29897D1400C3C7BF /* SceneDelegate.swift */; };
		1D6F047229897D1400C3C7BF /* MainViewController.swift in Sources */ = {isa = PBXBuildFile; fileRef = 1D6F047129897D1400C3C7BF /* MainViewController.swift */; };
		1D6F047729897D1600C3C7BF /* Assets.xcassets in Resources */ = {isa = PBXBuildFile; fileRef = 1D6F047629897D1600C3C7BF /* Assets.xcassets */; };
		1D6F047A29897D1600C3C7BF /* LaunchScreen.storyboard in Resources */ = {isa = PBXBuildFile; fileRef = 1D6F047829897D1600C3C7BF /* LaunchScreen.storyboard */; };
		1D99689A298ABAD8006C0F44 /* SingleViewController.swift in Sources */ = {isa = PBXBuildFile; fileRef = 1D996899298ABAD8006C0F44 /* SingleViewController.swift */; };
		1D99689D298AC377006C0F44 /* PickViewController.swift in Sources */ = {isa = PBXBuildFile; fileRef = 1D99689C298AC377006C0F44 /* PickViewController.swift */; };
		1D9968A1298AC8D0006C0F44 /* OpponentThinkViewController.swift in Sources */ = {isa = PBXBuildFile; fileRef = 1D9968A0298AC8D0006C0F44 /* OpponentThinkViewController.swift */; };
		1D9968A3298AC970006C0F44 /* OpponentPickViewController.swift in Sources */ = {isa = PBXBuildFile; fileRef = 1D9968A2298AC970006C0F44 /* OpponentPickViewController.swift */; };
		1D9968A5298B604F006C0F44 /* ResultViewController.swift in Sources */ = {isa = PBXBuildFile; fileRef = 1D9968A4298B604F006C0F44 /* ResultViewController.swift */; };
		1DC3A187298BEEB6007FB166 /* Game.swift in Sources */ = {isa = PBXBuildFile; fileRef = 1DC3A186298BEEB6007FB166 /* Game.swift */; };
		923DC53D58E6B0B72FBECFD9 /* Pods_RSP.framework in Frameworks */ = {isa = PBXBuildFile; fileRef = 5C659149383BE3CA3B1EB578 /* Pods_RSP.framework */; };
/* End PBXBuildFile section */

/* Begin PBXFileReference section */
		1D15636A298B96A700117A71 /* PassViewController.swift */ = {isa = PBXFileReference; lastKnownFileType = sourcecode.swift; path = PassViewController.swift; sourceTree = "<group>"; };
		1D15636C298BB75300117A71 /* MultiViewController.swift */ = {isa = PBXFileReference; lastKnownFileType = sourcecode.swift; path = MultiViewController.swift; sourceTree = "<group>"; };
		1D6F046A29897D1400C3C7BF /* RSP.app */ = {isa = PBXFileReference; explicitFileType = wrapper.application; includeInIndex = 0; path = RSP.app; sourceTree = BUILT_PRODUCTS_DIR; };
		1D6F046D29897D1400C3C7BF /* AppDelegate.swift */ = {isa = PBXFileReference; lastKnownFileType = sourcecode.swift; path = AppDelegate.swift; sourceTree = "<group>"; };
		1D6F046F29897D1400C3C7BF /* SceneDelegate.swift */ = {isa = PBXFileReference; lastKnownFileType = sourcecode.swift; path = SceneDelegate.swift; sourceTree = "<group>"; };
		1D6F047129897D1400C3C7BF /* MainViewController.swift */ = {isa = PBXFileReference; lastKnownFileType = sourcecode.swift; path = MainViewController.swift; sourceTree = "<group>"; };
		1D6F047629897D1600C3C7BF /* Assets.xcassets */ = {isa = PBXFileReference; lastKnownFileType = folder.assetcatalog; path = Assets.xcassets; sourceTree = "<group>"; };
		1D6F047929897D1600C3C7BF /* Base */ = {isa = PBXFileReference; lastKnownFileType = file.storyboard; name = Base; path = Base.lproj/LaunchScreen.storyboard; sourceTree = "<group>"; };
		1D6F047B29897D1600C3C7BF /* Info.plist */ = {isa = PBXFileReference; lastKnownFileType = text.plist.xml; path = Info.plist; sourceTree = "<group>"; };
		1D996899298ABAD8006C0F44 /* SingleViewController.swift */ = {isa = PBXFileReference; lastKnownFileType = sourcecode.swift; path = SingleViewController.swift; sourceTree = "<group>"; };
		1D99689C298AC377006C0F44 /* PickViewController.swift */ = {isa = PBXFileReference; lastKnownFileType = sourcecode.swift; path = PickViewController.swift; sourceTree = "<group>"; };
		1D9968A0298AC8D0006C0F44 /* OpponentThinkViewController.swift */ = {isa = PBXFileReference; lastKnownFileType = sourcecode.swift; path = OpponentThinkViewController.swift; sourceTree = "<group>"; };
		1D9968A2298AC970006C0F44 /* OpponentPickViewController.swift */ = {isa = PBXFileReference; lastKnownFileType = sourcecode.swift; path = OpponentPickViewController.swift; sourceTree = "<group>"; };
		1D9968A4298B604F006C0F44 /* ResultViewController.swift */ = {isa = PBXFileReference; lastKnownFileType = sourcecode.swift; path = ResultViewController.swift; sourceTree = "<group>"; };
		1DC3A186298BEEB6007FB166 /* Game.swift */ = {isa = PBXFileReference; lastKnownFileType = sourcecode.swift; path = Game.swift; sourceTree = "<group>"; };
		3257282DA22F6FD8A9C40000 /* Pods-RSP.release.xcconfig */ = {isa = PBXFileReference; includeInIndex = 1; lastKnownFileType = text.xcconfig; name = "Pods-RSP.release.xcconfig"; path = "Target Support Files/Pods-RSP/Pods-RSP.release.xcconfig"; sourceTree = "<group>"; };
		5C659149383BE3CA3B1EB578 /* Pods_RSP.framework */ = {isa = PBXFileReference; explicitFileType = wrapper.framework; includeInIndex = 0; path = Pods_RSP.framework; sourceTree = BUILT_PRODUCTS_DIR; };
		9536FF899878B1BC14F0C307 /* Pods-RSP.debug.xcconfig */ = {isa = PBXFileReference; includeInIndex = 1; lastKnownFileType = text.xcconfig; name = "Pods-RSP.debug.xcconfig"; path = "Target Support Files/Pods-RSP/Pods-RSP.debug.xcconfig"; sourceTree = "<group>"; };
/* End PBXFileReference section */

/* Begin PBXFrameworksBuildPhase section */
		1D6F046729897D1400C3C7BF /* Frameworks */ = {
			isa = PBXFrameworksBuildPhase;
			buildActionMask = 2147483647;
			files = (
				923DC53D58E6B0B72FBECFD9 /* Pods_RSP.framework in Frameworks */,
			);
			runOnlyForDeploymentPostprocessing = 0;
		};
/* End PBXFrameworksBuildPhase section */

/* Begin PBXGroup section */
		1D6F046129897D1400C3C7BF = {
			isa = PBXGroup;
			children = (
				1D6F046C29897D1400C3C7BF /* RSP */,
				1D6F046B29897D1400C3C7BF /* Products */,
				3659721DBEF3C762D4517C0F /* Pods */,
				56BAE86442B900A91742AA5E /* Frameworks */,
			);
			sourceTree = "<group>";
		};
		1D6F046B29897D1400C3C7BF /* Products */ = {
			isa = PBXGroup;
			children = (
				1D6F046A29897D1400C3C7BF /* RSP.app */,
			);
			name = Products;
			sourceTree = "<group>";
		};
		1D6F046C29897D1400C3C7BF /* RSP */ = {
			isa = PBXGroup;
			children = (
				1D99689B298ABAFE006C0F44 /* View */,
				1D6F046D29897D1400C3C7BF /* AppDelegate.swift */,
				1D6F046F29897D1400C3C7BF /* SceneDelegate.swift */,
				1D6F047629897D1600C3C7BF /* Assets.xcassets */,
				1D6F047829897D1600C3C7BF /* LaunchScreen.storyboard */,
				1D6F047B29897D1600C3C7BF /* Info.plist */,
				1DC3A186298BEEB6007FB166 /* Game.swift */,
			);
			path = RSP;
			sourceTree = "<group>";
		};
		1D99689B298ABAFE006C0F44 /* View */ = {
			isa = PBXGroup;
			children = (
				1D996899298ABAD8006C0F44 /* SingleViewController.swift */,
				1D6F047129897D1400C3C7BF /* MainViewController.swift */,
				1D99689C298AC377006C0F44 /* PickViewController.swift */,
				1D9968A0298AC8D0006C0F44 /* OpponentThinkViewController.swift */,
				1D9968A2298AC970006C0F44 /* OpponentPickViewController.swift */,
				1D9968A4298B604F006C0F44 /* ResultViewController.swift */,
				1D15636A298B96A700117A71 /* PassViewController.swift */,
				1D15636C298BB75300117A71 /* MultiViewController.swift */,
			);
			path = View;
			sourceTree = "<group>";
		};
		3659721DBEF3C762D4517C0F /* Pods */ = {
			isa = PBXGroup;
			children = (
				9536FF899878B1BC14F0C307 /* Pods-RSP.debug.xcconfig */,
				3257282DA22F6FD8A9C40000 /* Pods-RSP.release.xcconfig */,
			);
			path = Pods;
			sourceTree = "<group>";
		};
		56BAE86442B900A91742AA5E /* Frameworks */ = {
			isa = PBXGroup;
			children = (
				5C659149383BE3CA3B1EB578 /* Pods_RSP.framework */,
			);
			name = Frameworks;
			sourceTree = "<group>";
		};
/* End PBXGroup section */

/* Begin PBXNativeTarget section */
		1D6F046929897D1400C3C7BF /* RSP */ = {
			isa = PBXNativeTarget;
			buildConfigurationList = 1D6F047E29897D1600C3C7BF /* Build configuration list for PBXNativeTarget "RSP" */;
			buildPhases = (
				9B61242027FDBDF51F09BA52 /* [CP] Check Pods Manifest.lock */,
				1D6F046629897D1400C3C7BF /* Sources */,
				1D6F046729897D1400C3C7BF /* Frameworks */,
				1D6F046829897D1400C3C7BF /* Resources */,
				9F3DAEC257EE5AAEF94BF8CD /* [CP] Embed Pods Frameworks */,
			);
			buildRules = (
			);
			dependencies = (
			);
			name = RSP;
			productName = RSP;
			productReference = 1D6F046A29897D1400C3C7BF /* RSP.app */;
			productType = "com.apple.product-type.application";
		};
/* End PBXNativeTarget section */

/* Begin PBXProject section */
		1D6F046229897D1400C3C7BF /* Project object */ = {
			isa = PBXProject;
			attributes = {
				BuildIndependentTargetsInParallel = 1;
				LastSwiftUpdateCheck = 1420;
				LastUpgradeCheck = 1420;
				TargetAttributes = {
					1D6F046929897D1400C3C7BF = {
						CreatedOnToolsVersion = 14.2;
					};
				};
			};
			buildConfigurationList = 1D6F046529897D1400C3C7BF /* Build configuration list for PBXProject "RSP" */;
			compatibilityVersion = "Xcode 14.0";
			developmentRegion = en;
			hasScannedForEncodings = 0;
			knownRegions = (
				en,
				Base,
			);
			mainGroup = 1D6F046129897D1400C3C7BF;
			productRefGroup = 1D6F046B29897D1400C3C7BF /* Products */;
			projectDirPath = "";
			projectRoot = "";
			targets = (
				1D6F046929897D1400C3C7BF /* RSP */,
			);
		};
/* End PBXProject section */

/* Begin PBXResourcesBuildPhase section */
		1D6F046829897D1400C3C7BF /* Resources */ = {
			isa = PBXResourcesBuildPhase;
			buildActionMask = 2147483647;
			files = (
				1D6F047A29897D1600C3C7BF /* LaunchScreen.storyboard in Resources */,
				1D6F047729897D1600C3C7BF /* Assets.xcassets in Resources */,
			);
			runOnlyForDeploymentPostprocessing = 0;
		};
/* End PBXResourcesBuildPhase section */

/* Begin PBXShellScriptBuildPhase section */
		9B61242027FDBDF51F09BA52 /* [CP] Check Pods Manifest.lock */ = {
			isa = PBXShellScriptBuildPhase;
			buildActionMask = 2147483647;
			files = (
			);
			inputFileListPaths = (
			);
			inputPaths = (
				"${PODS_PODFILE_DIR_PATH}/Podfile.lock",
				"${PODS_ROOT}/Manifest.lock",
			);
			name = "[CP] Check Pods Manifest.lock";
			outputFileListPaths = (
			);
			outputPaths = (
				"$(DERIVED_FILE_DIR)/Pods-RSP-checkManifestLockResult.txt",
			);
			runOnlyForDeploymentPostprocessing = 0;
			shellPath = /bin/sh;
			shellScript = "diff \"${PODS_PODFILE_DIR_PATH}/Podfile.lock\" \"${PODS_ROOT}/Manifest.lock\" > /dev/null\nif [ $? != 0 ] ; then\n    # print error to STDERR\n    echo \"error: The sandbox is not in sync with the Podfile.lock. Run 'pod install' or update your CocoaPods installation.\" >&2\n    exit 1\nfi\n# This output is used by Xcode 'outputs' to avoid re-running this script phase.\necho \"SUCCESS\" > \"${SCRIPT_OUTPUT_FILE_0}\"\n";
			showEnvVarsInLog = 0;
		};
		9F3DAEC257EE5AAEF94BF8CD /* [CP] Embed Pods Frameworks */ = {
			isa = PBXShellScriptBuildPhase;
			buildActionMask = 2147483647;
			files = (
			);
			inputFileListPaths = (
				"${PODS_ROOT}/Target Support Files/Pods-RSP/Pods-RSP-frameworks-${CONFIGURATION}-input-files.xcfilelist",
			);
			name = "[CP] Embed Pods Frameworks";
			outputFileListPaths = (
				"${PODS_ROOT}/Target Support Files/Pods-RSP/Pods-RSP-frameworks-${CONFIGURATION}-output-files.xcfilelist",
			);
			runOnlyForDeploymentPostprocessing = 0;
			shellPath = /bin/sh;
			shellScript = "\"${PODS_ROOT}/Target Support Files/Pods-RSP/Pods-RSP-frameworks.sh\"\n";
			showEnvVarsInLog = 0;
		};
/* End PBXShellScriptBuildPhase section */

/* Begin PBXSourcesBuildPhase section */
		1D6F046629897D1400C3C7BF /* Sources */ = {
			isa = PBXSourcesBuildPhase;
			buildActionMask = 2147483647;
			files = (
				1D99689D298AC377006C0F44 /* PickViewController.swift in Sources */,
				1D6F047229897D1400C3C7BF /* MainViewController.swift in Sources */,
				1D9968A1298AC8D0006C0F44 /* OpponentThinkViewController.swift in Sources */,
				1D9968A5298B604F006C0F44 /* ResultViewController.swift in Sources */,
				1D6F046E29897D1400C3C7BF /* AppDelegate.swift in Sources */,
				1D9968A3298AC970006C0F44 /* OpponentPickViewController.swift in Sources */,
				1DC3A187298BEEB6007FB166 /* Game.swift in Sources */,
				1D15636D298BB75300117A71 /* MultiViewController.swift in Sources */,
				1D15636B298B96A700117A71 /* PassViewController.swift in Sources */,
				1D99689A298ABAD8006C0F44 /* SingleViewController.swift in Sources */,
				1D6F047029897D1400C3C7BF /* SceneDelegate.swift in Sources */,
			);
			runOnlyForDeploymentPostprocessing = 0;
		};
/* End PBXSourcesBuildPhase section */

/* Begin PBXVariantGroup section */
		1D6F047829897D1600C3C7BF /* LaunchScreen.storyboard */ = {
			isa = PBXVariantGroup;
			children = (
				1D6F047929897D1600C3C7BF /* Base */,
			);
			name = LaunchScreen.storyboard;
			sourceTree = "<group>";
		};
/* End PBXVariantGroup section */

/* Begin XCBuildConfiguration section */
		1D6F047C29897D1600C3C7BF /* Debug */ = {
			isa = XCBuildConfiguration;
			buildSettings = {
				ALWAYS_SEARCH_USER_PATHS = NO;
				CLANG_ANALYZER_NONNULL = YES;
				CLANG_ANALYZER_NUMBER_OBJECT_CONVERSION = YES_AGGRESSIVE;
				CLANG_CXX_LANGUAGE_STANDARD = "gnu++20";
				CLANG_ENABLE_MODULES = YES;
				CLANG_ENABLE_OBJC_ARC = YES;
				CLANG_ENABLE_OBJC_WEAK = YES;
				CLANG_WARN_BLOCK_CAPTURE_AUTORELEASING = YES;
				CLANG_WARN_BOOL_CONVERSION = YES;
				CLANG_WARN_COMMA = YES;
				CLANG_WARN_CONSTANT_CONVERSION = YES;
				CLANG_WARN_DEPRECATED_OBJC_IMPLEMENTATIONS = YES;
				CLANG_WARN_DIRECT_OBJC_ISA_USAGE = YES_ERROR;
				CLANG_WARN_DOCUMENTATION_COMMENTS = YES;
				CLANG_WARN_EMPTY_BODY = YES;
				CLANG_WARN_ENUM_CONVERSION = YES;
				CLANG_WARN_INFINITE_RECURSION = YES;
				CLANG_WARN_INT_CONVERSION = YES;
				CLANG_WARN_NON_LITERAL_NULL_CONVERSION = YES;
				CLANG_WARN_OBJC_IMPLICIT_RETAIN_SELF = YES;
				CLANG_WARN_OBJC_LITERAL_CONVERSION = YES;
				CLANG_WARN_OBJC_ROOT_CLASS = YES_ERROR;
				CLANG_WARN_QUOTED_INCLUDE_IN_FRAMEWORK_HEADER = YES;
				CLANG_WARN_RANGE_LOOP_ANALYSIS = YES;
				CLANG_WARN_STRICT_PROTOTYPES = YES;
				CLANG_WARN_SUSPICIOUS_MOVE = YES;
				CLANG_WARN_UNGUARDED_AVAILABILITY = YES_AGGRESSIVE;
				CLANG_WARN_UNREACHABLE_CODE = YES;
				CLANG_WARN__DUPLICATE_METHOD_MATCH = YES;
				COPY_PHASE_STRIP = NO;
				DEBUG_INFORMATION_FORMAT = dwarf;
				ENABLE_STRICT_OBJC_MSGSEND = YES;
				ENABLE_TESTABILITY = YES;
				GCC_C_LANGUAGE_STANDARD = gnu11;
				GCC_DYNAMIC_NO_PIC = NO;
				GCC_NO_COMMON_BLOCKS = YES;
				GCC_OPTIMIZATION_LEVEL = 0;
				GCC_PREPROCESSOR_DEFINITIONS = (
					"DEBUG=1",
					"$(inherited)",
				);
				GCC_WARN_64_TO_32_BIT_CONVERSION = YES;
				GCC_WARN_ABOUT_RETURN_TYPE = YES_ERROR;
				GCC_WARN_UNDECLARED_SELECTOR = YES;
				GCC_WARN_UNINITIALIZED_AUTOS = YES_AGGRESSIVE;
				GCC_WARN_UNUSED_FUNCTION = YES;
				GCC_WARN_UNUSED_VARIABLE = YES;
				IPHONEOS_DEPLOYMENT_TARGET = 16.2;
				MTL_ENABLE_DEBUG_INFO = INCLUDE_SOURCE;
				MTL_FAST_MATH = YES;
				ONLY_ACTIVE_ARCH = YES;
				SDKROOT = iphoneos;
				SWIFT_ACTIVE_COMPILATION_CONDITIONS = DEBUG;
				SWIFT_OPTIMIZATION_LEVEL = "-Onone";
			};
			name = Debug;
		};
		1D6F047D29897D1600C3C7BF /* Release */ = {
			isa = XCBuildConfiguration;
			buildSettings = {
				ALWAYS_SEARCH_USER_PATHS = NO;
				CLANG_ANALYZER_NONNULL = YES;
				CLANG_ANALYZER_NUMBER_OBJECT_CONVERSION = YES_AGGRESSIVE;
				CLANG_CXX_LANGUAGE_STANDARD = "gnu++20";
				CLANG_ENABLE_MODULES = YES;
				CLANG_ENABLE_OBJC_ARC = YES;
				CLANG_ENABLE_OBJC_WEAK = YES;
				CLANG_WARN_BLOCK_CAPTURE_AUTORELEASING = YES;
				CLANG_WARN_BOOL_CONVERSION = YES;
				CLANG_WARN_COMMA = YES;
				CLANG_WARN_CONSTANT_CONVERSION = YES;
				CLANG_WARN_DEPRECATED_OBJC_IMPLEMENTATIONS = YES;
				CLANG_WARN_DIRECT_OBJC_ISA_USAGE = YES_ERROR;
				CLANG_WARN_DOCUMENTATION_COMMENTS = YES;
				CLANG_WARN_EMPTY_BODY = YES;
				CLANG_WARN_ENUM_CONVERSION = YES;
				CLANG_WARN_INFINITE_RECURSION = YES;
				CLANG_WARN_INT_CONVERSION = YES;
				CLANG_WARN_NON_LITERAL_NULL_CONVERSION = YES;
				CLANG_WARN_OBJC_IMPLICIT_RETAIN_SELF = YES;
				CLANG_WARN_OBJC_LITERAL_CONVERSION = YES;
				CLANG_WARN_OBJC_ROOT_CLASS = YES_ERROR;
				CLANG_WARN_QUOTED_INCLUDE_IN_FRAMEWORK_HEADER = YES;
				CLANG_WARN_RANGE_LOOP_ANALYSIS = YES;
				CLANG_WARN_STRICT_PROTOTYPES = YES;
				CLANG_WARN_SUSPICIOUS_MOVE = YES;
				CLANG_WARN_UNGUARDED_AVAILABILITY = YES_AGGRESSIVE;
				CLANG_WARN_UNREACHABLE_CODE = YES;
				CLANG_WARN__DUPLICATE_METHOD_MATCH = YES;
				COPY_PHASE_STRIP = NO;
				DEBUG_INFORMATION_FORMAT = "dwarf-with-dsym";
				ENABLE_NS_ASSERTIONS = NO;
				ENABLE_STRICT_OBJC_MSGSEND = YES;
				GCC_C_LANGUAGE_STANDARD = gnu11;
				GCC_NO_COMMON_BLOCKS = YES;
				GCC_WARN_64_TO_32_BIT_CONVERSION = YES;
				GCC_WARN_ABOUT_RETURN_TYPE = YES_ERROR;
				GCC_WARN_UNDECLARED_SELECTOR = YES;
				GCC_WARN_UNINITIALIZED_AUTOS = YES_AGGRESSIVE;
				GCC_WARN_UNUSED_FUNCTION = YES;
				GCC_WARN_UNUSED_VARIABLE = YES;
				IPHONEOS_DEPLOYMENT_TARGET = 16.2;
				MTL_ENABLE_DEBUG_INFO = NO;
				MTL_FAST_MATH = YES;
				SDKROOT = iphoneos;
				SWIFT_COMPILATION_MODE = wholemodule;
				SWIFT_OPTIMIZATION_LEVEL = "-O";
				VALIDATE_PRODUCT = YES;
			};
			name = Release;
		};
		1D6F047F29897D1600C3C7BF /* Debug */ = {
			isa = XCBuildConfiguration;
			baseConfigurationReference = 9536FF899878B1BC14F0C307 /* Pods-RSP.debug.xcconfig */;
			buildSettings = {
				ASSETCATALOG_COMPILER_APPICON_NAME = AppIcon;
				ASSETCATALOG_COMPILER_GLOBAL_ACCENT_COLOR_NAME = AccentColor;
				CODE_SIGN_STYLE = Automatic;
				CURRENT_PROJECT_VERSION = 1;
				DEVELOPMENT_TEAM = 85NV4V26D2;
				GENERATE_INFOPLIST_FILE = YES;
				INFOPLIST_FILE = RSP/Info.plist;
				INFOPLIST_KEY_UIApplicationSupportsIndirectInputEvents = YES;
				INFOPLIST_KEY_UILaunchStoryboardName = LaunchScreen;
				INFOPLIST_KEY_UISupportedInterfaceOrientations_iPad = "UIInterfaceOrientationPortrait UIInterfaceOrientationPortraitUpsideDown UIInterfaceOrientationLandscapeLeft UIInterfaceOrientationLandscapeRight";
				INFOPLIST_KEY_UISupportedInterfaceOrientations_iPhone = "UIInterfaceOrientationPortrait UIInterfaceOrientationLandscapeLeft UIInterfaceOrientationLandscapeRight";
				LD_RUNPATH_SEARCH_PATHS = (
					"$(inherited)",
					"@executable_path/Frameworks",
				);
				MARKETING_VERSION = 1.0;
				PRODUCT_BUNDLE_IDENTIFIER = dimash.RSP;
				PRODUCT_NAME = "$(TARGET_NAME)";
				SWIFT_EMIT_LOC_STRINGS = YES;
				SWIFT_VERSION = 5.0;
				TARGETED_DEVICE_FAMILY = "1,2";
			};
			name = Debug;
		};
		1D6F048029897D1600C3C7BF /* Release */ = {
			isa = XCBuildConfiguration;
			baseConfigurationReference = 3257282DA22F6FD8A9C40000 /* Pods-RSP.release.xcconfig */;
			buildSettings = {
				ASSETCATALOG_COMPILER_APPICON_NAME = AppIcon;
				ASSETCATALOG_COMPILER_GLOBAL_ACCENT_COLOR_NAME = AccentColor;
				CODE_SIGN_STYLE = Automatic;
				CURRENT_PROJECT_VERSION = 1;
				DEVELOPMENT_TEAM = 85NV4V26D2;
				GENERATE_INFOPLIST_FILE = YES;
				INFOPLIST_FILE = RSP/Info.plist;
				INFOPLIST_KEY_UIApplicationSupportsIndirectInputEvents = YES;
				INFOPLIST_KEY_UILaunchStoryboardName = LaunchScreen;
				INFOPLIST_KEY_UISupportedInterfaceOrientations_iPad = "UIInterfaceOrientationPortrait UIInterfaceOrientationPortraitUpsideDown UIInterfaceOrientationLandscapeLeft UIInterfaceOrientationLandscapeRight";
				INFOPLIST_KEY_UISupportedInterfaceOrientations_iPhone = "UIInterfaceOrientationPortrait UIInterfaceOrientationLandscapeLeft UIInterfaceOrientationLandscapeRight";
				LD_RUNPATH_SEARCH_PATHS = (
					"$(inherited)",
					"@executable_path/Frameworks",
				);
				MARKETING_VERSION = 1.0;
				PRODUCT_BUNDLE_IDENTIFIER = dimash.RSP;
				PRODUCT_NAME = "$(TARGET_NAME)";
				SWIFT_EMIT_LOC_STRINGS = YES;
				SWIFT_VERSION = 5.0;
				TARGETED_DEVICE_FAMILY = "1,2";
			};
			name = Release;
		};
/* End XCBuildConfiguration section */

/* Begin XCConfigurationList section */
		1D6F046529897D1400C3C7BF /* Build configuration list for PBXProject "RSP" */ = {
			isa = XCConfigurationList;
			buildConfigurations = (
				1D6F047C29897D1600C3C7BF /* Debug */,
				1D6F047D29897D1600C3C7BF /* Release */,
			);
			defaultConfigurationIsVisible = 0;
			defaultConfigurationName = Release;
		};
		1D6F047E29897D1600C3C7BF /* Build configuration list for PBXNativeTarget "RSP" */ = {
			isa = XCConfigurationList;
			buildConfigurations = (
				1D6F047F29897D1600C3C7BF /* Debug */,
				1D6F048029897D1600C3C7BF /* Release */,
			);
			defaultConfigurationIsVisible = 0;
			defaultConfigurationName = Release;
		};
/* End XCConfigurationList section */
	};
	rootObject = 1D6F046229897D1400C3C7BF /* Project object */;
}
